
Microsoft Visual Studio Solution File, Format Version 12.00
# Visual Studio Version 17
VisualStudioVersion = 17.5.2.0
MinimumVisualStudioVersion = 10.0.40219.1
Project("{2150E333-8FDC-42A3-9474-1A3956D46DE8}") = "Backend", "Backend", "{1AE8ACA6-933B-BF2A-3671-3E2EAC007D16}"
EndProject
Project("{2150E333-8FDC-42A3-9474-1A3956D46DE8}") = "src", "src", "{0F9113EE-888A-26D2-68B0-4A7D0A2A8745}"
EndProject
Project("{FAE04EC0-301F-11D3-BF4B-00C04F79EFBC}") = "PopaDin.Bkd.Infra", "Backend\src\PopaDin.Bkd.Infra\PopaDin.Bkd.Infra.csproj", "{95F724E4-7C21-3B8F-7D13-99B6A6C0DA96}"
EndProject
Project("{FAE04EC0-301F-11D3-BF4B-00C04F79EFBC}") = "PopaDin.Bkd.Domain", "Backend\src\PopaDin.Bkd.Domain\PopaDin.Bkd.Domain.csproj", "{BEA3C82E-BDFC-3EC7-A6E4-B3935FBCD1B2}"
EndProject
Project("{FAE04EC0-301F-11D3-BF4B-00C04F79EFBC}") = "PopaDin.Bkd.IoC", "Backend\src\PopaDin.Bkd.IoC\PopaDin.Bkd.IoC.csproj", "{6610EDF3-9836-1C1F-36DA-88B413D30AD4}"
EndProject
Project("{FAE04EC0-301F-11D3-BF4B-00C04F79EFBC}") = "PopaDin.Bkd.Service", "Backend\src\PopaDin.Bkd.Service\PopaDin.Bkd.Service.csproj", "{FED1916B-1D9B-E4F0-28C8-B5023626BAFE}"
EndProject
Project("{FAE04EC0-301F-11D3-BF4B-00C04F79EFBC}") = "PopaDin.Bkd.Api", "Backend\src\PopaDin.Bkd.Api\PopaDin.Bkd.Api.csproj", "{09C91C22-9E7A-02BB-FF35-08FFD3993D68}"
EndProject
Project("{FAE04EC0-301F-11D3-BF4B-00C04F79EFBC}") = "PopaDin.Bkd.Migration", "Backend\src\PopaDin.Bkd.Migration\PopaDin.Bkd.Migration.csproj", "{8B535732-484F-4E38-9B6F-A34308AB2651}"
EndProject
Global
	GlobalSection(SolutionConfigurationPlatforms) = preSolution
		Debug|Any CPU = Debug|Any CPU
		Debug|x64 = Debug|x64
		Debug|x86 = Debug|x86
		Release|Any CPU = Release|Any CPU
		Release|x64 = Release|x64
		Release|x86 = Release|x86
	EndGlobalSection
	GlobalSection(ProjectConfigurationPlatforms) = postSolution
		{95F724E4-7C21-3B8F-7D13-99B6A6C0DA96}.Debug|Any CPU.ActiveCfg = Debug|Any CPU
		{95F724E4-7C21-3B8F-7D13-99B6A6C0DA96}.Debug|Any CPU.Build.0 = Debug|Any CPU
		{95F724E4-7C21-3B8F-7D13-99B6A6C0DA96}.Debug|x64.ActiveCfg = Debug|Any CPU
		{95F724E4-7C21-3B8F-7D13-99B6A6C0DA96}.Debug|x64.Build.0 = Debug|Any CPU
		{95F724E4-7C21-3B8F-7D13-99B6A6C0DA96}.Debug|x86.ActiveCfg = Debug|Any CPU
		{95F724E4-7C21-3B8F-7D13-99B6A6C0DA96}.Debug|x86.Build.0 = Debug|Any CPU
		{95F724E4-7C21-3B8F-7D13-99B6A6C0DA96}.Release|Any CPU.ActiveCfg = Release|Any CPU
		{95F724E4-7C21-3B8F-7D13-99B6A6C0DA96}.Release|Any CPU.Build.0 = Release|Any CPU
		{95F724E4-7C21-3B8F-7D13-99B6A6C0DA96}.Release|x64.ActiveCfg = Release|Any CPU
		{95F724E4-7C21-3B8F-7D13-99B6A6C0DA96}.Release|x64.Build.0 = Release|Any CPU
		{95F724E4-7C21-3B8F-7D13-99B6A6C0DA96}.Release|x86.ActiveCfg = Release|Any CPU
		{95F724E4-7C21-3B8F-7D13-99B6A6C0DA96}.Release|x86.Build.0 = Release|Any CPU
		{BEA3C82E-BDFC-3EC7-A6E4-B3935FBCD1B2}.Debug|Any CPU.ActiveCfg = Debug|Any CPU
		{BEA3C82E-BDFC-3EC7-A6E4-B3935FBCD1B2}.Debug|Any CPU.Build.0 = Debug|Any CPU
		{BEA3C82E-BDFC-3EC7-A6E4-B3935FBCD1B2}.Debug|x64.ActiveCfg = Debug|Any CPU
		{BEA3C82E-BDFC-3EC7-A6E4-B3935FBCD1B2}.Debug|x64.Build.0 = Debug|Any CPU
		{BEA3C82E-BDFC-3EC7-A6E4-B3935FBCD1B2}.Debug|x86.ActiveCfg = Debug|Any CPU
		{BEA3C82E-BDFC-3EC7-A6E4-B3935FBCD1B2}.Debug|x86.Build.0 = Debug|Any CPU
		{BEA3C82E-BDFC-3EC7-A6E4-B3935FBCD1B2}.Release|Any CPU.ActiveCfg = Release|Any CPU
		{BEA3C82E-BDFC-3EC7-A6E4-B3935FBCD1B2}.Release|Any CPU.Build.0 = Release|Any CPU
		{BEA3C82E-BDFC-3EC7-A6E4-B3935FBCD1B2}.Release|x64.ActiveCfg = Release|Any CPU
		{BEA3C82E-BDFC-3EC7-A6E4-B3935FBCD1B2}.Release|x64.Build.0 = Release|Any CPU
		{BEA3C82E-BDFC-3EC7-A6E4-B3935FBCD1B2}.Release|x86.ActiveCfg = Release|Any CPU
		{BEA3C82E-BDFC-3EC7-A6E4-B3935FBCD1B2}.Release|x86.Build.0 = Release|Any CPU
		{6610EDF3-9836-1C1F-36DA-88B413D30AD4}.Debug|Any CPU.ActiveCfg = Debug|Any CPU
		{6610EDF3-9836-1C1F-36DA-88B413D30AD4}.Debug|Any CPU.Build.0 = Debug|Any CPU
		{6610EDF3-9836-1C1F-36DA-88B413D30AD4}.Debug|x64.ActiveCfg = Debug|Any CPU
		{6610EDF3-9836-1C1F-36DA-88B413D30AD4}.Debug|x64.Build.0 = Debug|Any CPU
		{6610EDF3-9836-1C1F-36DA-88B413D30AD4}.Debug|x86.ActiveCfg = Debug|Any CPU
		{6610EDF3-9836-1C1F-36DA-88B413D30AD4}.Debug|x86.Build.0 = Debug|Any CPU
		{6610EDF3-9836-1C1F-36DA-88B413D30AD4}.Release|Any CPU.ActiveCfg = Release|Any CPU
		{6610EDF3-9836-1C1F-36DA-88B413D30AD4}.Release|Any CPU.Build.0 = Release|Any CPU
		{6610EDF3-9836-1C1F-36DA-88B413D30AD4}.Release|x64.ActiveCfg = Release|Any CPU
		{6610EDF3-9836-1C1F-36DA-88B413D30AD4}.Release|x64.Build.0 = Release|Any CPU
		{6610EDF3-9836-1C1F-36DA-88B413D30AD4}.Release|x86.ActiveCfg = Release|Any CPU
		{6610EDF3-9836-1C1F-36DA-88B413D30AD4}.Release|x86.Build.0 = Release|Any CPU
		{FED1916B-1D9B-E4F0-28C8-B5023626BAFE}.Debug|Any CPU.ActiveCfg = Debug|Any CPU
		{FED1916B-1D9B-E4F0-28C8-B5023626BAFE}.Debug|Any CPU.Build.0 = Debug|Any CPU
		{FED1916B-1D9B-E4F0-28C8-B5023626BAFE}.Debug|x64.ActiveCfg = Debug|Any CPU
		{FED1916B-1D9B-E4F0-28C8-B5023626BAFE}.Debug|x64.Build.0 = Debug|Any CPU
		{FED1916B-1D9B-E4F0-28C8-B5023626BAFE}.Debug|x86.ActiveCfg = Debug|Any CPU
		{FED1916B-1D9B-E4F0-28C8-B5023626BAFE}.Debug|x86.Build.0 = Debug|Any CPU
		{FED1916B-1D9B-E4F0-28C8-B5023626BAFE}.Release|Any CPU.ActiveCfg = Release|Any CPU
		{FED1916B-1D9B-E4F0-28C8-B5023626BAFE}.Release|Any CPU.Build.0 = Release|Any CPU
		{FED1916B-1D9B-E4F0-28C8-B5023626BAFE}.Release|x64.ActiveCfg = Release|Any CPU
		{FED1916B-1D9B-E4F0-28C8-B5023626BAFE}.Release|x64.Build.0 = Release|Any CPU
		{FED1916B-1D9B-E4F0-28C8-B5023626BAFE}.Release|x86.ActiveCfg = Release|Any CPU
		{FED1916B-1D9B-E4F0-28C8-B5023626BAFE}.Release|x86.Build.0 = Release|Any CPU
		{09C91C22-9E7A-02BB-FF35-08FFD3993D68}.Debug|Any CPU.ActiveCfg = Debug|Any CPU
		{09C91C22-9E7A-02BB-FF35-08FFD3993D68}.Debug|Any CPU.Build.0 = Debug|Any CPU
		{09C91C22-9E7A-02BB-FF35-08FFD3993D68}.Debug|x64.ActiveCfg = Debug|Any CPU
		{09C91C22-9E7A-02BB-FF35-08FFD3993D68}.Debug|x64.Build.0 = Debug|Any CPU
		{09C91C22-9E7A-02BB-FF35-08FFD3993D68}.Debug|x86.ActiveCfg = Debug|Any CPU
		{09C91C22-9E7A-02BB-FF35-08FFD3993D68}.Debug|x86.Build.0 = Debug|Any CPU
		{09C91C22-9E7A-02BB-FF35-08FFD3993D68}.Release|Any CPU.ActiveCfg = Release|Any CPU
		{09C91C22-9E7A-02BB-FF35-08FFD3993D68}.Release|Any CPU.Build.0 = Release|Any CPU
		{09C91C22-9E7A-02BB-FF35-08FFD3993D68}.Release|x64.ActiveCfg = Release|Any CPU
		{09C91C22-9E7A-02BB-FF35-08FFD3993D68}.Release|x64.Build.0 = Release|Any CPU
		{09C91C22-9E7A-02BB-FF35-08FFD3993D68}.Release|x86.ActiveCfg = Release|Any CPU
		{09C91C22-9E7A-02BB-FF35-08FFD3993D68}.Release|x86.Build.0 = Release|Any CPU
		{8B535732-484F-4E38-9B6F-A34308AB2651}.Debug|Any CPU.ActiveCfg = Debug|Any CPU
		{8B535732-484F-4E38-9B6F-A34308AB2651}.Debug|Any CPU.Build.0 = Debug|Any CPU
		{8B535732-484F-4E38-9B6F-A34308AB2651}.Debug|x64.ActiveCfg = Debug|Any CPU
		{8B535732-484F-4E38-9B6F-A34308AB2651}.Debug|x64.Build.0 = Debug|Any CPU
		{8B535732-484F-4E38-9B6F-A34308AB2651}.Debug|x86.ActiveCfg = Debug|Any CPU
		{8B535732-484F-4E38-9B6F-A34308AB2651}.Debug|x86.Build.0 = Debug|Any CPU
		{8B535732-484F-4E38-9B6F-A34308AB2651}.Release|Any CPU.ActiveCfg = Release|Any CPU
		{8B535732-484F-4E38-9B6F-A34308AB2651}.Release|Any CPU.Build.0 = Release|Any CPU
		{8B535732-484F-4E38-9B6F-A34308AB2651}.Release|x64.ActiveCfg = Release|Any CPU
		{8B535732-484F-4E38-9B6F-A34308AB2651}.Release|x64.Build.0 = Release|Any CPU
		{8B535732-484F-4E38-9B6F-A34308AB2651}.Release|x86.ActiveCfg = Release|Any CPU
		{8B535732-484F-4E38-9B6F-A34308AB2651}.Release|x86.Build.0 = Release|Any CPU
	EndGlobalSection
	GlobalSection(SolutionProperties) = preSolution
		HideSolutionNode = FALSE
	EndGlobalSection
	GlobalSection(NestedProjects) = preSolution
		{0F9113EE-888A-26D2-68B0-4A7D0A2A8745} = {1AE8ACA6-933B-BF2A-3671-3E2EAC007D16}
		{95F724E4-7C21-3B8F-7D13-99B6A6C0DA96} = {0F9113EE-888A-26D2-68B0-4A7D0A2A8745}
		{BEA3C82E-BDFC-3EC7-A6E4-B3935FBCD1B2} = {0F9113EE-888A-26D2-68B0-4A7D0A2A8745}
		{6610EDF3-9836-1C1F-36DA-88B413D30AD4} = {0F9113EE-888A-26D2-68B0-4A7D0A2A8745}
		{FED1916B-1D9B-E4F0-28C8-B5023626BAFE} = {0F9113EE-888A-26D2-68B0-4A7D0A2A8745}
		{09C91C22-9E7A-02BB-FF35-08FFD3993D68} = {0F9113EE-888A-26D2-68B0-4A7D0A2A8745}
		{8B535732-484F-4E38-9B6F-A34308AB2651} = {0F9113EE-888A-26D2-68B0-4A7D0A2A8745}
	EndGlobalSection
	GlobalSection(ExtensibilityGlobals) = postSolution
		SolutionGuid = {27993545-351D-4FE0-9BEC-06C556709EF7}
	EndGlobalSection
EndGlobal
